// !$*UTF8*$!
{
	archiveVersion = 1;
	classes = {
	};
	objectVersion = 50;
	objects = {

/* Begin PBXBuildFile section */
		EC6DCE3B26E04C03003331A6 /* AppDelegate.swift in Sources */ = {isa = PBXBuildFile; fileRef = EC6DCE3A26E04C03003331A6 /* AppDelegate.swift */; };
		EC6DCE3D26E04C03003331A6 /* SceneDelegate.swift in Sources */ = {isa = PBXBuildFile; fileRef = EC6DCE3C26E04C03003331A6 /* SceneDelegate.swift */; };
		EC6DCE3F26E04C03003331A6 /* ContentView.swift in Sources */ = {isa = PBXBuildFile; fileRef = EC6DCE3E26E04C03003331A6 /* ContentView.swift */; };
		EC6DCE4126E04C0A003331A6 /* Assets.xcassets in Resources */ = {isa = PBXBuildFile; fileRef = EC6DCE4026E04C0A003331A6 /* Assets.xcassets */; };
		EC6DCE4426E04C0A003331A6 /* Preview Assets.xcassets in Resources */ = {isa = PBXBuildFile; fileRef = EC6DCE4326E04C0A003331A6 /* Preview Assets.xcassets */; };
		EC6DCE4726E04C0A003331A6 /* LaunchScreen.storyboard in Resources */ = {isa = PBXBuildFile; fileRef = EC6DCE4526E04C0A003331A6 /* LaunchScreen.storyboard */; };
		EC6DCE5026E04E30003331A6 /* NetworkManager.swift in Sources */ = {isa = PBXBuildFile; fileRef = EC6DCE4F26E04E30003331A6 /* NetworkManager.swift */; };
		EC6DCE5226E0506D003331A6 /* PostData.swift in Sources */ = {isa = PBXBuildFile; fileRef = EC6DCE5126E0506D003331A6 /* PostData.swift */; };
		EC6DCE5726E05AB2003331A6 /* DetailView.swift in Sources */ = {isa = PBXBuildFile; fileRef = EC6DCE5626E05AB2003331A6 /* DetailView.swift */; };
		EC6DCE5926E05E37003331A6 /* WebView.swift in Sources */ = {isa = PBXBuildFile; fileRef = EC6DCE5826E05E37003331A6 /* WebView.swift */; };
/* End PBXBuildFile section */

/* Begin PBXFileReference section */
		EC6DCE3726E04C03003331A6 /* Hacker News iOS App.app */ = {isa = PBXFileReference; explicitFileType = wrapper.application; includeInIndex = 0; path = "Hacker News iOS App.app"; sourceTree = BUILT_PRODUCTS_DIR; };
		EC6DCE3A26E04C03003331A6 /* AppDelegate.swift */ = {isa = PBXFileReference; lastKnownFileType = sourcecode.swift; path = AppDelegate.swift; sourceTree = "<group>"; };
		EC6DCE3C26E04C03003331A6 /* SceneDelegate.swift */ = {isa = PBXFileReference; lastKnownFileType = sourcecode.swift; path = SceneDelegate.swift; sourceTree = "<group>"; };
		EC6DCE3E26E04C03003331A6 /* ContentView.swift */ = {isa = PBXFileReference; lastKnownFileType = sourcecode.swift; path = ContentView.swift; sourceTree = "<group>"; };
		EC6DCE4026E04C0A003331A6 /* Assets.xcassets */ = {isa = PBXFileReference; lastKnownFileType = folder.assetcatalog; path = Assets.xcassets; sourceTree = "<group>"; };
		EC6DCE4326E04C0A003331A6 /* Preview Assets.xcassets */ = {isa = PBXFileReference; lastKnownFileType = folder.assetcatalog; path = "Preview Assets.xcassets"; sourceTree = "<group>"; };
		EC6DCE4626E04C0A003331A6 /* Base */ = {isa = PBXFileReference; lastKnownFileType = file.storyboard; name = Base; path = Base.lproj/LaunchScreen.storyboard; sourceTree = "<group>"; };
		EC6DCE4826E04C0A003331A6 /* Info.plist */ = {isa = PBXFileReference; lastKnownFileType = text.plist.xml; path = Info.plist; sourceTree = "<group>"; };
		EC6DCE4F26E04E30003331A6 /* NetworkManager.swift */ = {isa = PBXFileReference; lastKnownFileType = sourcecode.swift; path = NetworkManager.swift; sourceTree = "<group>"; };
		EC6DCE5126E0506D003331A6 /* PostData.swift */ = {isa = PBXFileReference; lastKnownFileType = sourcecode.swift; path = PostData.swift; sourceTree = "<group>"; };
		EC6DCE5626E05AB2003331A6 /* DetailView.swift */ = {isa = PBXFileReference; lastKnownFileType = sourcecode.swift; path = DetailView.swift; sourceTree = "<group>"; };
		EC6DCE5826E05E37003331A6 /* WebView.swift */ = {isa = PBXFileReference; lastKnownFileType = sourcecode.swift; path = WebView.swift; sourceTree = "<group>"; };
/* End PBXFileReference section */

/* Begin PBXFrameworksBuildPhase section */
		EC6DCE3426E04C03003331A6 /* Frameworks */ = {
			isa = PBXFrameworksBuildPhase;
			buildActionMask = 2147483647;
			files = (
			);
			runOnlyForDeploymentPostprocessing = 0;
		};
/* End PBXFrameworksBuildPhase section */

/* Begin PBXGroup section */
		EC6DCE2E26E04C03003331A6 = {
			isa = PBXGroup;
			children = (
				EC6DCE3926E04C03003331A6 /* Hacker News iOS App */,
				EC6DCE3826E04C03003331A6 /* Products */,
			);
			sourceTree = "<group>";
		};
		EC6DCE3826E04C03003331A6 /* Products */ = {
			isa = PBXGroup;
			children = (
				EC6DCE3726E04C03003331A6 /* Hacker News iOS App.app */,
			);
			name = Products;
			sourceTree = "<group>";
		};
		EC6DCE3926E04C03003331A6 /* Hacker News iOS App */ = {
			isa = PBXGroup;
			children = (
				EC6DCE4E26E04E1C003331A6 /* Models */,
				EC6DCE3A26E04C03003331A6 /* AppDelegate.swift */,
				EC6DCE3C26E04C03003331A6 /* SceneDelegate.swift */,
				EC6DCE5326E05899003331A6 /* Views */,
				EC6DCE4026E04C0A003331A6 /* Assets.xcassets */,
				EC6DCE4526E04C0A003331A6 /* LaunchScreen.storyboard */,
				EC6DCE4826E04C0A003331A6 /* Info.plist */,
				EC6DCE4226E04C0A003331A6 /* Preview Content */,
			);
			path = "Hacker News iOS App";
			sourceTree = "<group>";
		};
		EC6DCE4226E04C0A003331A6 /* Preview Content */ = {
			isa = PBXGroup;
			children = (
				EC6DCE4326E04C0A003331A6 /* Preview Assets.xcassets */,
			);
			path = "Preview Content";
			sourceTree = "<group>";
		};
		EC6DCE4E26E04E1C003331A6 /* Models */ = {
			isa = PBXGroup;
			children = (
				EC6DCE4F26E04E30003331A6 /* NetworkManager.swift */,
				EC6DCE5126E0506D003331A6 /* PostData.swift */,
			);
			path = Models;
			sourceTree = "<group>";
		};
		EC6DCE5326E05899003331A6 /* Views */ = {
			isa = PBXGroup;
			children = (
				EC6DCE3E26E04C03003331A6 /* ContentView.swift */,
				EC6DCE5626E05AB2003331A6 /* DetailView.swift */,
				EC6DCE5826E05E37003331A6 /* WebView.swift */,
			);
			path = Views;
			sourceTree = "<group>";
		};
/* End PBXGroup section */

/* Begin PBXNativeTarget section */
		EC6DCE3626E04C03003331A6 /* Hacker News iOS App */ = {
			isa = PBXNativeTarget;
			buildConfigurationList = EC6DCE4B26E04C0A003331A6 /* Build configuration list for PBXNativeTarget "Hacker News iOS App" */;
			buildPhases = (
				EC6DCE3326E04C03003331A6 /* Sources */,
				EC6DCE3426E04C03003331A6 /* Frameworks */,
				EC6DCE3526E04C03003331A6 /* Resources */,
			);
			buildRules = (
			);
			dependencies = (
			);
			name = "Hacker News iOS App";
			productName = "Hacker News iOS App";
			productReference = EC6DCE3726E04C03003331A6 /* Hacker News iOS App.app */;
			productType = "com.apple.product-type.application";
		};
/* End PBXNativeTarget section */

/* Begin PBXProject section */
		EC6DCE2F26E04C03003331A6 /* Project object */ = {
			isa = PBXProject;
			attributes = {
				LastSwiftUpdateCheck = 1250;
				LastUpgradeCheck = 1250;
				TargetAttributes = {
					EC6DCE3626E04C03003331A6 = {
						CreatedOnToolsVersion = 12.5;
					};
				};
			};
			buildConfigurationList = EC6DCE3226E04C03003331A6 /* Build configuration list for PBXProject "Hacker News iOS App" */;
			compatibilityVersion = "Xcode 9.3";
			developmentRegion = en;
			hasScannedForEncodings = 0;
			knownRegions = (
				en,
				Base,
			);
			mainGroup = EC6DCE2E26E04C03003331A6;
			productRefGroup = EC6DCE3826E04C03003331A6 /* Products */;
			projectDirPath = "";
			projectRoot = "";
			targets = (
				EC6DCE3626E04C03003331A6 /* Hacker News iOS App */,
			);
		};
/* End PBXProject section */

/* Begin PBXResourcesBuildPhase section */
		EC6DCE3526E04C03003331A6 /* Resources */ = {
			isa = PBXResourcesBuildPhase;
			buildActionMask = 2147483647;
			files = (
				EC6DCE4726E04C0A003331A6 /* LaunchScreen.storyboard in Resources */,
				EC6DCE4426E04C0A003331A6 /* Preview Assets.xcassets in Resources */,
				EC6DCE4126E04C0A003331A6 /* Assets.xcassets in Resources */,
			);
			runOnlyForDeploymentPostprocessing = 0;
		};
/* End PBXResourcesBuildPhase section */

/* Begin PBXSourcesBuildPhase section */
		EC6DCE3326E04C03003331A6 /* Sources */ = {
			isa = PBXSourcesBuildPhase;
			buildActionMask = 2147483647;
			files = (
				EC6DCE5226E0506D003331A6 /* PostData.swift in Sources */,
				EC6DCE5726E05AB2003331A6 /* DetailView.swift in Sources */,
				EC6DCE5026E04E30003331A6 /* NetworkManager.swift in Sources */,
				EC6DCE3B26E04C03003331A6 /* AppDelegate.swift in Sources */,
				EC6DCE3D26E04C03003331A6 /* SceneDelegate.swift in Sources */,
				EC6DCE3F26E04C03003331A6 /* ContentView.swift in Sources */,
				EC6DCE5926E05E37003331A6 /* WebView.swift in Sources */,
			);
			runOnlyForDeploymentPostprocessing = 0;
		};
/* End PBXSourcesBuildPhase section */

/* Begin PBXVariantGroup section */
		EC6DCE4526E04C0A003331A6 /* LaunchScreen.storyboard */ = {
			isa = PBXVariantGroup;
			children = (
				EC6DCE4626E04C0A003331A6 /* Base */,
			);
			name = LaunchScreen.storyboard;
			sourceTree = "<group>";
		};
/* End PBXVariantGroup section */

/* Begin XCBuildConfiguration section */
		EC6DCE4926E04C0A003331A6 /* Debug */ = {
			isa = XCBuildConfiguration;
			buildSettings = {
				ALWAYS_SEARCH_USER_PATHS = NO;
				CLANG_ANALYZER_NONNULL = YES;
				CLANG_ANALYZER_NUMBER_OBJECT_CONVERSION = YES_AGGRESSIVE;
				CLANG_CXX_LANGUAGE_STANDARD = "gnu++14";
				CLANG_CXX_LIBRARY = "libc++";
				CLANG_ENABLE_MODULES = YES;
				CLANG_ENABLE_OBJC_ARC = YES;
				CLANG_ENABLE_OBJC_WEAK = YES;
				CLANG_WARN_BLOCK_CAPTURE_AUTORELEASING = YES;
				CLANG_WARN_BOOL_CONVERSION = YES;
				CLANG_WARN_COMMA = YES;
				CLANG_WARN_CONSTANT_CONVERSION = YES;
				CLANG_WARN_DEPRECATED_OBJC_IMPLEMENTATIONS = YES;
				CLANG_WARN_DIRECT_OBJC_ISA_USAGE = YES_ERROR;
				CLANG_WARN_DOCUMENTATION_COMMENTS = YES;
				CLANG_WARN_EMPTY_BODY = YES;
				CLANG_WARN_ENUM_CONVERSION = YES;
				CLANG_WARN_INFINITE_RECURSION = YES;
				CLANG_WARN_INT_CONVERSION = YES;
				CLANG_WARN_NON_LITERAL_NULL_CONVERSION = YES;
				CLANG_WARN_OBJC_IMPLICIT_RETAIN_SELF = YES;
				CLANG_WARN_OBJC_LITERAL_CONVERSION = YES;
				CLANG_WARN_OBJC_ROOT_CLASS = YES_ERROR;
				CLANG_WARN_QUOTED_INCLUDE_IN_FRAMEWORK_HEADER = YES;
				CLANG_WARN_RANGE_LOOP_ANALYSIS = YES;
				CLANG_WARN_STRICT_PROTOTYPES = YES;
				CLANG_WARN_SUSPICIOUS_MOVE = YES;
				CLANG_WARN_UNGUARDED_AVAILABILITY = YES_AGGRESSIVE;
				CLANG_WARN_UNREACHABLE_CODE = YES;
				CLANG_WARN__DUPLICATE_METHOD_MATCH = YES;
				COPY_PHASE_STRIP = NO;
				DEBUG_INFORMATION_FORMAT = dwarf;
				ENABLE_STRICT_OBJC_MSGSEND = YES;
				ENABLE_TESTABILITY = YES;
				GCC_C_LANGUAGE_STANDARD = gnu11;
				GCC_DYNAMIC_NO_PIC = NO;
				GCC_NO_COMMON_BLOCKS = YES;
				GCC_OPTIMIZATION_LEVEL = 0;
				GCC_PREPROCESSOR_DEFINITIONS = (
					"DEBUG=1",
					"$(inherited)",
				);
				GCC_WARN_64_TO_32_BIT_CONVERSION = YES;
				GCC_WARN_ABOUT_RETURN_TYPE = YES_ERROR;
				GCC_WARN_UNDECLARED_SELECTOR = YES;
				GCC_WARN_UNINITIALIZED_AUTOS = YES_AGGRESSIVE;
				GCC_WARN_UNUSED_FUNCTION = YES;
				GCC_WARN_UNUSED_VARIABLE = YES;
				IPHONEOS_DEPLOYMENT_TARGET = 14.5;
				MTL_ENABLE_DEBUG_INFO = INCLUDE_SOURCE;
				MTL_FAST_MATH = YES;
				ONLY_ACTIVE_ARCH = YES;
				SDKROOT = iphoneos;
				SWIFT_ACTIVE_COMPILATION_CONDITIONS = DEBUG;
				SWIFT_OPTIMIZATION_LEVEL = "-Onone";
			};
			name = Debug;
		};
		EC6DCE4A26E04C0A003331A6 /* Release */ = {
			isa = XCBuildConfiguration;
			buildSettings = {
				ALWAYS_SEARCH_USER_PATHS = NO;
				CLANG_ANALYZER_NONNULL = YES;
				CLANG_ANALYZER_NUMBER_OBJECT_CONVERSION = YES_AGGRESSIVE;
				CLANG_CXX_LANGUAGE_STANDARD = "gnu++14";
				CLANG_CXX_LIBRARY = "libc++";
				CLANG_ENABLE_MODULES = YES;
				CLANG_ENABLE_OBJC_ARC = YES;
				CLANG_ENABLE_OBJC_WEAK = YES;
				CLANG_WARN_BLOCK_CAPTURE_AUTORELEASING = YES;
				CLANG_WARN_BOOL_CONVERSION = YES;
				CLANG_WARN_COMMA = YES;
				CLANG_WARN_CONSTANT_CONVERSION = YES;
				CLANG_WARN_DEPRECATED_OBJC_IMPLEMENTATIONS = YES;
				CLANG_WARN_DIRECT_OBJC_ISA_USAGE = YES_ERROR;
				CLANG_WARN_DOCUMENTATION_COMMENTS = YES;
				CLANG_WARN_EMPTY_BODY = YES;
				CLANG_WARN_ENUM_CONVERSION = YES;
				CLANG_WARN_INFINITE_RECURSION = YES;
				CLANG_WARN_INT_CONVERSION = YES;
				CLANG_WARN_NON_LITERAL_NULL_CONVERSION = YES;
				CLANG_WARN_OBJC_IMPLICIT_RETAIN_SELF = YES;
				CLANG_WARN_OBJC_LITERAL_CONVERSION = YES;
				CLANG_WARN_OBJC_ROOT_CLASS = YES_ERROR;
				CLANG_WARN_QUOTED_INCLUDE_IN_FRAMEWORK_HEADER = YES;
				CLANG_WARN_RANGE_LOOP_ANALYSIS = YES;
				CLANG_WARN_STRICT_PROTOTYPES = YES;
				CLANG_WARN_SUSPICIOUS_MOVE = YES;
				CLANG_WARN_UNGUARDED_AVAILABILITY = YES_AGGRESSIVE;
				CLANG_WARN_UNREACHABLE_CODE = YES;
				CLANG_WARN__DUPLICATE_METHOD_MATCH = YES;
				COPY_PHASE_STRIP = NO;
				DEBUG_INFORMATION_FORMAT = "dwarf-with-dsym";
				ENABLE_NS_ASSERTIONS = NO;
				ENABLE_STRICT_OBJC_MSGSEND = YES;
				GCC_C_LANGUAGE_STANDARD = gnu11;
				GCC_NO_COMMON_BLOCKS = YES;
				GCC_WARN_64_TO_32_BIT_CONVERSION = YES;
				GCC_WARN_ABOUT_RETURN_TYPE = YES_ERROR;
				GCC_WARN_UNDECLARED_SELECTOR = YES;
				GCC_WARN_UNINITIALIZED_AUTOS = YES_AGGRESSIVE;
				GCC_WARN_UNUSED_FUNCTION = YES;
				GCC_WARN_UNUSED_VARIABLE = YES;
				IPHONEOS_DEPLOYMENT_TARGET = 14.5;
				MTL_ENABLE_DEBUG_INFO = NO;
				MTL_FAST_MATH = YES;
				SDKROOT = iphoneos;
				SWIFT_COMPILATION_MODE = wholemodule;
				SWIFT_OPTIMIZATION_LEVEL = "-O";
				VALIDATE_PRODUCT = YES;
			};
			name = Release;
		};
		EC6DCE4C26E04C0A003331A6 /* Debug */ = {
			isa = XCBuildConfiguration;
			buildSettings = {
				ASSETCATALOG_COMPILER_APPICON_NAME = AppIcon;
				ASSETCATALOG_COMPILER_GLOBAL_ACCENT_COLOR_NAME = AccentColor;
				CODE_SIGN_STYLE = Automatic;
				DEVELOPMENT_ASSET_PATHS = "\"Hacker News iOS App/Preview Content\"";
				DEVELOPMENT_TEAM = G9DKL2U332;
				ENABLE_PREVIEWS = YES;
				INFOPLIST_FILE = "Hacker News iOS App/Info.plist";
				LD_RUNPATH_SEARCH_PATHS = (
					"$(inherited)",
					"@executable_path/Frameworks",
				);
				PRODUCT_BUNDLE_IDENTIFIER = "com.wpho.Hacker-News-iOS-App";
				PRODUCT_NAME = "$(TARGET_NAME)";
				SWIFT_VERSION = 5.0;
				TARGETED_DEVICE_FAMILY = "1,2";
			};
			name = Debug;
		};
		EC6DCE4D26E04C0A003331A6 /* Release */ = {
			isa = XCBuildConfiguration;
			buildSettings = {
				ASSETCATALOG_COMPILER_APPICON_NAME = AppIcon;
				ASSETCATALOG_COMPILER_GLOBAL_ACCENT_COLOR_NAME = AccentColor;
				CODE_SIGN_STYLE = Automatic;
				DEVELOPMENT_ASSET_PATHS = "\"Hacker News iOS App/Preview Content\"";
				DEVELOPMENT_TEAM = G9DKL2U332;
				ENABLE_PREVIEWS = YES;
				INFOPLIST_FILE = "Hacker News iOS App/Info.plist";
				LD_RUNPATH_SEARCH_PATHS = (
					"$(inherited)",
					"@executable_path/Frameworks",
				);
				PRODUCT_BUNDLE_IDENTIFIER = "com.wpho.Hacker-News-iOS-App";
				PRODUCT_NAME = "$(TARGET_NAME)";
				SWIFT_VERSION = 5.0;
				TARGETED_DEVICE_FAMILY = "1,2";
			};
			name = Release;
		};
/* End XCBuildConfiguration section */

/* Begin XCConfigurationList section */
		EC6DCE3226E04C03003331A6 /* Build configuration list for PBXProject "Hacker News iOS App" */ = {
			isa = XCConfigurationList;
			buildConfigurations = (
				EC6DCE4926E04C0A003331A6 /* Debug */,
				EC6DCE4A26E04C0A003331A6 /* Release */,
			);
			defaultConfigurationIsVisible = 0;
			defaultConfigurationName = Release;
		};
		EC6DCE4B26E04C0A003331A6 /* Build configuration list for PBXNativeTarget "Hacker News iOS App" */ = {
			isa = XCConfigurationList;
			buildConfigurations = (
				EC6DCE4C26E04C0A003331A6 /* Debug */,
				EC6DCE4D26E04C0A003331A6 /* Release */,
			);
			defaultConfigurationIsVisible = 0;
			defaultConfigurationName = Release;
		};
/* End XCConfigurationList section */
	};
	rootObject = EC6DCE2F26E04C03003331A6 /* Project object */;
}
